
Microsoft Visual Studio Solution File, Format Version 12.00
# Visual Studio Version 17
VisualStudioVersion = 17.7.34031.279
MinimumVisualStudioVersion = 10.0.40219.1
Project("{FAE04EC0-301F-11D3-BF4B-00C04F79EFBC}") = "AreaCalculationLib", "AreaCalculationLib\AreaCalculationLib.csproj", "{7C65ECA2-7D3F-4FFD-ADD9-1C9BB4BC19A2}"
EndProject
Project("{FAE04EC0-301F-11D3-BF4B-00C04F79EFBC}") = "AreaCalculationLibTests", "AreaCalculationLibTests\AreaCalculationLibTests.csproj", "{3D45F089-27A7-4AD9-B16F-4EFFFE5A789F}"
EndProject
Global
	GlobalSection(SolutionConfigurationPlatforms) = preSolution
		Debug|Any CPU = Debug|Any CPU
		Release|Any CPU = Release|Any CPU
	EndGlobalSection
	GlobalSection(ProjectConfigurationPlatforms) = postSolution
		{7C65ECA2-7D3F-4FFD-ADD9-1C9BB4BC19A2}.Debug|Any CPU.ActiveCfg = Debug|Any CPU
		{7C65ECA2-7D3F-4FFD-ADD9-1C9BB4BC19A2}.Debug|Any CPU.Build.0 = Debug|Any CPU
		{7C65ECA2-7D3F-4FFD-ADD9-1C9BB4BC19A2}.Release|Any CPU.ActiveCfg = Release|Any CPU
		{7C65ECA2-7D3F-4FFD-ADD9-1C9BB4BC19A2}.Release|Any CPU.Build.0 = Release|Any CPU
		{3D45F089-27A7-4AD9-B16F-4EFFFE5A789F}.Debug|Any CPU.ActiveCfg = Debug|Any CPU
		{3D45F089-27A7-4AD9-B16F-4EFFFE5A789F}.Debug|Any CPU.Build.0 = Debug|Any CPU
		{3D45F089-27A7-4AD9-B16F-4EFFFE5A789F}.Release|Any CPU.ActiveCfg = Release|Any CPU
		{3D45F089-27A7-4AD9-B16F-4EFFFE5A789F}.Release|Any CPU.Build.0 = Release|Any CPU
	EndGlobalSection
	GlobalSection(SolutionProperties) = preSolution
		HideSolutionNode = FALSE
	EndGlobalSection
	GlobalSection(ExtensibilityGlobals) = postSolution
		SolutionGuid = {0A7AA816-E7BC-49BF-AC94-597F3D3A091A}
	EndGlobalSection
EndGlobal
